
Microsoft Visual Studio Solution File, Format Version 12.00
# Visual Studio Version 17
VisualStudioVersion = 17.11.35303.130
MinimumVisualStudioVersion = 10.0.40219.1
Project("{FAE04EC0-301F-11D3-BF4B-00C04F79EFBC}") = "rqrmenu", "rqrmenu\rqrmenu.csproj", "{8EC49D00-3CA4-4D05-BCBA-704A9133AF03}"
EndProject
Global
	GlobalSection(SolutionConfigurationPlatforms) = preSolution
		Debug|Any CPU = Debug|Any CPU
		Release|Any CPU = Release|Any CPU
	EndGlobalSection
	GlobalSection(ProjectConfigurationPlatforms) = postSolution
		{8EC49D00-3CA4-4D05-BCBA-704A9133AF03}.Debug|Any CPU.ActiveCfg = Debug|Any CPU
		{8EC49D00-3CA4-4D05-BCBA-704A9133AF03}.Debug|Any CPU.Build.0 = Debug|Any CPU
		{8EC49D00-3CA4-4D05-BCBA-704A9133AF03}.Release|Any CPU.ActiveCfg = Release|Any CPU
		{8EC49D00-3CA4-4D05-BCBA-704A9133AF03}.Release|Any CPU.Build.0 = Release|Any CPU
	EndGlobalSection
	GlobalSection(SolutionProperties) = preSolution
		HideSolutionNode = FALSE
	EndGlobalSection
	GlobalSection(ExtensibilityGlobals) = postSolution
		SolutionGuid = {B2875BBD-7126-4592-B9DB-188F5979274C}
	EndGlobalSection
EndGlobal
